// !$*UTF8*$!
{
	archiveVersion = 1;
	classes = {
	};
	objectVersion = 56;
	objects = {

/* Begin PBXBuildFile section */
		0A7DC4988D2254A9835DBFE4 /* Pods_Push_Notification_With_FirebaseTests.framework in Frameworks */ = {isa = PBXBuildFile; fileRef = 9F3A550BB21F60D0351B0328 /* Pods_Push_Notification_With_FirebaseTests.framework */; };
		21BBBEA4294E3AA9007AF896 /* AppDelegate.swift in Sources */ = {isa = PBXBuildFile; fileRef = 21BBBEA3294E3AA9007AF896 /* AppDelegate.swift */; };
		21BBBEA6294E3AA9007AF896 /* SceneDelegate.swift in Sources */ = {isa = PBXBuildFile; fileRef = 21BBBEA5294E3AA9007AF896 /* SceneDelegate.swift */; };
		21BBBEA8294E3AA9007AF896 /* ViewController.swift in Sources */ = {isa = PBXBuildFile; fileRef = 21BBBEA7294E3AA9007AF896 /* ViewController.swift */; };
		21BBBEAB294E3AA9007AF896 /* Main.storyboard in Resources */ = {isa = PBXBuildFile; fileRef = 21BBBEA9294E3AA9007AF896 /* Main.storyboard */; };
		21BBBEAE294E3AA9007AF896 /* Push_Notification_With_Firebase.xcdatamodeld in Sources */ = {isa = PBXBuildFile; fileRef = 21BBBEAC294E3AA9007AF896 /* Push_Notification_With_Firebase.xcdatamodeld */; };
		21BBBEB0294E3AAB007AF896 /* Assets.xcassets in Resources */ = {isa = PBXBuildFile; fileRef = 21BBBEAF294E3AAB007AF896 /* Assets.xcassets */; };
		21BBBEB3294E3AAB007AF896 /* LaunchScreen.storyboard in Resources */ = {isa = PBXBuildFile; fileRef = 21BBBEB1294E3AAB007AF896 /* LaunchScreen.storyboard */; };
		21BBBEBE294E3AAB007AF896 /* Push_Notification_With_FirebaseTests.swift in Sources */ = {isa = PBXBuildFile; fileRef = 21BBBEBD294E3AAB007AF896 /* Push_Notification_With_FirebaseTests.swift */; };
		21BBBEC8294E3AAB007AF896 /* Push_Notification_With_FirebaseUITests.swift in Sources */ = {isa = PBXBuildFile; fileRef = 21BBBEC7294E3AAB007AF896 /* Push_Notification_With_FirebaseUITests.swift */; };
		21BBBECA294E3AAB007AF896 /* Push_Notification_With_FirebaseUITestsLaunchTests.swift in Sources */ = {isa = PBXBuildFile; fileRef = 21BBBEC9294E3AAB007AF896 /* Push_Notification_With_FirebaseUITestsLaunchTests.swift */; };
		21BBBEDC294E42C7007AF896 /* GoogleService-Info.plist in Resources */ = {isa = PBXBuildFile; fileRef = 21BBBEDB294E42C7007AF896 /* GoogleService-Info.plist */; };
		63BC49AB495FAB12849E831C /* Pods_Push_Notification_With_Firebase.framework in Frameworks */ = {isa = PBXBuildFile; fileRef = E4647DCF0E3BED1289BC1E4E /* Pods_Push_Notification_With_Firebase.framework */; };
		91B3E2DE3B78F0013D2602B7 /* Pods_Push_Notification_With_Firebase_Push_Notification_With_FirebaseUITests.framework in Frameworks */ = {isa = PBXBuildFile; fileRef = 2F8C16F49E49620596B43D96 /* Pods_Push_Notification_With_Firebase_Push_Notification_With_FirebaseUITests.framework */; };
/* End PBXBuildFile section */

/* Begin PBXContainerItemProxy section */
		21BBBEBA294E3AAB007AF896 /* PBXContainerItemProxy */ = {
			isa = PBXContainerItemProxy;
			containerPortal = 21BBBE98294E3AA9007AF896 /* Project object */;
			proxyType = 1;
			remoteGlobalIDString = 21BBBE9F294E3AA9007AF896;
			remoteInfo = "Push Notification With Firebase";
		};
		21BBBEC4294E3AAB007AF896 /* PBXContainerItemProxy */ = {
			isa = PBXContainerItemProxy;
			containerPortal = 21BBBE98294E3AA9007AF896 /* Project object */;
			proxyType = 1;
			remoteGlobalIDString = 21BBBE9F294E3AA9007AF896;
			remoteInfo = "Push Notification With Firebase";
		};
/* End PBXContainerItemProxy section */

/* Begin PBXFileReference section */
		0E9584E040064F32F8DDAE7C /* Pods-Push Notification With Firebase-Push Notification With FirebaseUITests.release.xcconfig */ = {isa = PBXFileReference; includeInIndex = 1; lastKnownFileType = text.xcconfig; name = "Pods-Push Notification With Firebase-Push Notification With FirebaseUITests.release.xcconfig"; path = "Target Support Files/Pods-Push Notification With Firebase-Push Notification With FirebaseUITests/Pods-Push Notification With Firebase-Push Notification With FirebaseUITests.release.xcconfig"; sourceTree = "<group>"; };
		21BBBEA0294E3AA9007AF896 /* Push Notification With Firebase.app */ = {isa = PBXFileReference; explicitFileType = wrapper.application; includeInIndex = 0; path = "Push Notification With Firebase.app"; sourceTree = BUILT_PRODUCTS_DIR; };
		21BBBEA3294E3AA9007AF896 /* AppDelegate.swift */ = {isa = PBXFileReference; lastKnownFileType = sourcecode.swift; path = AppDelegate.swift; sourceTree = "<group>"; };
		21BBBEA5294E3AA9007AF896 /* SceneDelegate.swift */ = {isa = PBXFileReference; lastKnownFileType = sourcecode.swift; path = SceneDelegate.swift; sourceTree = "<group>"; };
		21BBBEA7294E3AA9007AF896 /* ViewController.swift */ = {isa = PBXFileReference; lastKnownFileType = sourcecode.swift; path = ViewController.swift; sourceTree = "<group>"; };
		21BBBEAA294E3AA9007AF896 /* Base */ = {isa = PBXFileReference; lastKnownFileType = file.storyboard; name = Base; path = Base.lproj/Main.storyboard; sourceTree = "<group>"; };
		21BBBEAD294E3AA9007AF896 /* Push_Notification_With_Firebase.xcdatamodel */ = {isa = PBXFileReference; lastKnownFileType = wrapper.xcdatamodel; path = Push_Notification_With_Firebase.xcdatamodel; sourceTree = "<group>"; };
		21BBBEAF294E3AAB007AF896 /* Assets.xcassets */ = {isa = PBXFileReference; lastKnownFileType = folder.assetcatalog; path = Assets.xcassets; sourceTree = "<group>"; };
		21BBBEB2294E3AAB007AF896 /* Base */ = {isa = PBXFileReference; lastKnownFileType = file.storyboard; name = Base; path = Base.lproj/LaunchScreen.storyboard; sourceTree = "<group>"; };
		21BBBEB4294E3AAB007AF896 /* Info.plist */ = {isa = PBXFileReference; lastKnownFileType = text.plist.xml; path = Info.plist; sourceTree = "<group>"; };
		21BBBEB9294E3AAB007AF896 /* Push Notification With FirebaseTests.xctest */ = {isa = PBXFileReference; explicitFileType = wrapper.cfbundle; includeInIndex = 0; path = "Push Notification With FirebaseTests.xctest"; sourceTree = BUILT_PRODUCTS_DIR; };
		21BBBEBD294E3AAB007AF896 /* Push_Notification_With_FirebaseTests.swift */ = {isa = PBXFileReference; lastKnownFileType = sourcecode.swift; path = Push_Notification_With_FirebaseTests.swift; sourceTree = "<group>"; };
		21BBBEC3294E3AAB007AF896 /* Push Notification With FirebaseUITests.xctest */ = {isa = PBXFileReference; explicitFileType = wrapper.cfbundle; includeInIndex = 0; path = "Push Notification With FirebaseUITests.xctest"; sourceTree = BUILT_PRODUCTS_DIR; };
		21BBBEC7294E3AAB007AF896 /* Push_Notification_With_FirebaseUITests.swift */ = {isa = PBXFileReference; lastKnownFileType = sourcecode.swift; path = Push_Notification_With_FirebaseUITests.swift; sourceTree = "<group>"; };
		21BBBEC9294E3AAB007AF896 /* Push_Notification_With_FirebaseUITestsLaunchTests.swift */ = {isa = PBXFileReference; lastKnownFileType = sourcecode.swift; path = Push_Notification_With_FirebaseUITestsLaunchTests.swift; sourceTree = "<group>"; };
		21BBBEDA294E41B4007AF896 /* Push Notification With Firebase.entitlements */ = {isa = PBXFileReference; lastKnownFileType = text.plist.entitlements; path = "Push Notification With Firebase.entitlements"; sourceTree = "<group>"; };
		21BBBEDB294E42C7007AF896 /* GoogleService-Info.plist */ = {isa = PBXFileReference; fileEncoding = 4; lastKnownFileType = text.plist.xml; name = "GoogleService-Info.plist"; path = "../../../../GoogleService-Info.plist"; sourceTree = "<group>"; };
		2F8C16F49E49620596B43D96 /* Pods_Push_Notification_With_Firebase_Push_Notification_With_FirebaseUITests.framework */ = {isa = PBXFileReference; explicitFileType = wrapper.framework; includeInIndex = 0; path = Pods_Push_Notification_With_Firebase_Push_Notification_With_FirebaseUITests.framework; sourceTree = BUILT_PRODUCTS_DIR; };
		6C27B8C3E2F5169FB89F4AB7 /* Pods-Push Notification With Firebase-Push Notification With FirebaseUITests.debug.xcconfig */ = {isa = PBXFileReference; includeInIndex = 1; lastKnownFileType = text.xcconfig; name = "Pods-Push Notification With Firebase-Push Notification With FirebaseUITests.debug.xcconfig"; path = "Target Support Files/Pods-Push Notification With Firebase-Push Notification With FirebaseUITests/Pods-Push Notification With Firebase-Push Notification With FirebaseUITests.debug.xcconfig"; sourceTree = "<group>"; };
		738FD43230BCDDA5BAC45EBC /* Pods-Push Notification With Firebase.release.xcconfig */ = {isa = PBXFileReference; includeInIndex = 1; lastKnownFileType = text.xcconfig; name = "Pods-Push Notification With Firebase.release.xcconfig"; path = "Target Support Files/Pods-Push Notification With Firebase/Pods-Push Notification With Firebase.release.xcconfig"; sourceTree = "<group>"; };
		8D429E1943117FB95A1FB817 /* Pods-Push Notification With FirebaseTests.debug.xcconfig */ = {isa = PBXFileReference; includeInIndex = 1; lastKnownFileType = text.xcconfig; name = "Pods-Push Notification With FirebaseTests.debug.xcconfig"; path = "Target Support Files/Pods-Push Notification With FirebaseTests/Pods-Push Notification With FirebaseTests.debug.xcconfig"; sourceTree = "<group>"; };
		92CEFB24E653D29CA01EB74A /* Pods-Push Notification With FirebaseTests.release.xcconfig */ = {isa = PBXFileReference; includeInIndex = 1; lastKnownFileType = text.xcconfig; name = "Pods-Push Notification With FirebaseTests.release.xcconfig"; path = "Target Support Files/Pods-Push Notification With FirebaseTests/Pods-Push Notification With FirebaseTests.release.xcconfig"; sourceTree = "<group>"; };
		9F3A550BB21F60D0351B0328 /* Pods_Push_Notification_With_FirebaseTests.framework */ = {isa = PBXFileReference; explicitFileType = wrapper.framework; includeInIndex = 0; path = Pods_Push_Notification_With_FirebaseTests.framework; sourceTree = BUILT_PRODUCTS_DIR; };
		E4647DCF0E3BED1289BC1E4E /* Pods_Push_Notification_With_Firebase.framework */ = {isa = PBXFileReference; explicitFileType = wrapper.framework; includeInIndex = 0; path = Pods_Push_Notification_With_Firebase.framework; sourceTree = BUILT_PRODUCTS_DIR; };
		EC32431519121D137B4CD764 /* Pods-Push Notification With Firebase.debug.xcconfig */ = {isa = PBXFileReference; includeInIndex = 1; lastKnownFileType = text.xcconfig; name = "Pods-Push Notification With Firebase.debug.xcconfig"; path = "Target Support Files/Pods-Push Notification With Firebase/Pods-Push Notification With Firebase.debug.xcconfig"; sourceTree = "<group>"; };
/* End PBXFileReference section */

/* Begin PBXFrameworksBuildPhase section */
		21BBBE9D294E3AA9007AF896 /* Frameworks */ = {
			isa = PBXFrameworksBuildPhase;
			buildActionMask = 2147483647;
			files = (
				63BC49AB495FAB12849E831C /* Pods_Push_Notification_With_Firebase.framework in Frameworks */,
			);
			runOnlyForDeploymentPostprocessing = 0;
		};
		21BBBEB6294E3AAB007AF896 /* Frameworks */ = {
			isa = PBXFrameworksBuildPhase;
			buildActionMask = 2147483647;
			files = (
				0A7DC4988D2254A9835DBFE4 /* Pods_Push_Notification_With_FirebaseTests.framework in Frameworks */,
			);
			runOnlyForDeploymentPostprocessing = 0;
		};
		21BBBEC0294E3AAB007AF896 /* Frameworks */ = {
			isa = PBXFrameworksBuildPhase;
			buildActionMask = 2147483647;
			files = (
				91B3E2DE3B78F0013D2602B7 /* Pods_Push_Notification_With_Firebase_Push_Notification_With_FirebaseUITests.framework in Frameworks */,
			);
			runOnlyForDeploymentPostprocessing = 0;
		};
/* End PBXFrameworksBuildPhase section */

/* Begin PBXGroup section */
		03568C77144BBDABC565FC78 /* Frameworks */ = {
			isa = PBXGroup;
			children = (
				E4647DCF0E3BED1289BC1E4E /* Pods_Push_Notification_With_Firebase.framework */,
				2F8C16F49E49620596B43D96 /* Pods_Push_Notification_With_Firebase_Push_Notification_With_FirebaseUITests.framework */,
				9F3A550BB21F60D0351B0328 /* Pods_Push_Notification_With_FirebaseTests.framework */,
			);
			name = Frameworks;
			sourceTree = "<group>";
		};
		21BBBE97294E3AA9007AF896 = {
			isa = PBXGroup;
			children = (
				21BBBEA2294E3AA9007AF896 /* Push Notification With Firebase */,
				21BBBEBC294E3AAB007AF896 /* Push Notification With FirebaseTests */,
				21BBBEC6294E3AAB007AF896 /* Push Notification With FirebaseUITests */,
				21BBBEA1294E3AA9007AF896 /* Products */,
				F4F851F2B8C8B2223DD99AE5 /* Pods */,
				03568C77144BBDABC565FC78 /* Frameworks */,
			);
			sourceTree = "<group>";
		};
		21BBBEA1294E3AA9007AF896 /* Products */ = {
			isa = PBXGroup;
			children = (
				21BBBEA0294E3AA9007AF896 /* Push Notification With Firebase.app */,
				21BBBEB9294E3AAB007AF896 /* Push Notification With FirebaseTests.xctest */,
				21BBBEC3294E3AAB007AF896 /* Push Notification With FirebaseUITests.xctest */,
			);
			name = Products;
			sourceTree = "<group>";
		};
		21BBBEA2294E3AA9007AF896 /* Push Notification With Firebase */ = {
			isa = PBXGroup;
			children = (
				21BBBEDA294E41B4007AF896 /* Push Notification With Firebase.entitlements */,
				21BBBED9294E3AE6007AF896 /* System */,
				21BBBED8294E3ADC007AF896 /* Model */,
				21BBBED7294E3ACF007AF896 /* View */,
				21BBBED6294E3AB9007AF896 /* Controller */,
				21BBBEAF294E3AAB007AF896 /* Assets.xcassets */,
				21BBBEDB294E42C7007AF896 /* GoogleService-Info.plist */,
				21BBBEB4294E3AAB007AF896 /* Info.plist */,
				21BBBEAC294E3AA9007AF896 /* Push_Notification_With_Firebase.xcdatamodeld */,
			);
			path = "Push Notification With Firebase";
			sourceTree = "<group>";
		};
		21BBBEBC294E3AAB007AF896 /* Push Notification With FirebaseTests */ = {
			isa = PBXGroup;
			children = (
				21BBBEBD294E3AAB007AF896 /* Push_Notification_With_FirebaseTests.swift */,
			);
			path = "Push Notification With FirebaseTests";
			sourceTree = "<group>";
		};
		21BBBEC6294E3AAB007AF896 /* Push Notification With FirebaseUITests */ = {
			isa = PBXGroup;
			children = (
				21BBBEC7294E3AAB007AF896 /* Push_Notification_With_FirebaseUITests.swift */,
				21BBBEC9294E3AAB007AF896 /* Push_Notification_With_FirebaseUITestsLaunchTests.swift */,
			);
			path = "Push Notification With FirebaseUITests";
			sourceTree = "<group>";
		};
		21BBBED6294E3AB9007AF896 /* Controller */ = {
			isa = PBXGroup;
			children = (
				21BBBEA7294E3AA9007AF896 /* ViewController.swift */,
				21BBBEA9294E3AA9007AF896 /* Main.storyboard */,
			);
			path = Controller;
			sourceTree = "<group>";
		};
		21BBBED7294E3ACF007AF896 /* View */ = {
			isa = PBXGroup;
			children = (
			);
			path = View;
			sourceTree = "<group>";
		};
		21BBBED8294E3ADC007AF896 /* Model */ = {
			isa = PBXGroup;
			children = (
			);
			path = Model;
			sourceTree = "<group>";
		};
		21BBBED9294E3AE6007AF896 /* System */ = {
			isa = PBXGroup;
			children = (
				21BBBEA3294E3AA9007AF896 /* AppDelegate.swift */,
				21BBBEA5294E3AA9007AF896 /* SceneDelegate.swift */,
				21BBBEB1294E3AAB007AF896 /* LaunchScreen.storyboard */,
			);
			path = System;
			sourceTree = "<group>";
		};
		F4F851F2B8C8B2223DD99AE5 /* Pods */ = {
			isa = PBXGroup;
			children = (
				EC32431519121D137B4CD764 /* Pods-Push Notification With Firebase.debug.xcconfig */,
				738FD43230BCDDA5BAC45EBC /* Pods-Push Notification With Firebase.release.xcconfig */,
				6C27B8C3E2F5169FB89F4AB7 /* Pods-Push Notification With Firebase-Push Notification With FirebaseUITests.debug.xcconfig */,
				0E9584E040064F32F8DDAE7C /* Pods-Push Notification With Firebase-Push Notification With FirebaseUITests.release.xcconfig */,
				8D429E1943117FB95A1FB817 /* Pods-Push Notification With FirebaseTests.debug.xcconfig */,
				92CEFB24E653D29CA01EB74A /* Pods-Push Notification With FirebaseTests.release.xcconfig */,
			);
			name = Pods;
			path = Pods;
			sourceTree = "<group>";
		};
/* End PBXGroup section */

/* Begin PBXNativeTarget section */
		21BBBE9F294E3AA9007AF896 /* Push Notification With Firebase */ = {
			isa = PBXNativeTarget;
			buildConfigurationList = 21BBBECD294E3AAB007AF896 /* Build configuration list for PBXNativeTarget "Push Notification With Firebase" */;
			buildPhases = (
				FA42E95D207CAAE78DBD3223 /* [CP] Check Pods Manifest.lock */,
				21BBBE9C294E3AA9007AF896 /* Sources */,
				21BBBE9D294E3AA9007AF896 /* Frameworks */,
				21BBBE9E294E3AA9007AF896 /* Resources */,
				F7DF7487D716457888D1205C /* [CP] Embed Pods Frameworks */,
			);
			buildRules = (
			);
			dependencies = (
			);
			name = "Push Notification With Firebase";
			productName = "Push Notification With Firebase";
			productReference = 21BBBEA0294E3AA9007AF896 /* Push Notification With Firebase.app */;
			productType = "com.apple.product-type.application";
		};
		21BBBEB8294E3AAB007AF896 /* Push Notification With FirebaseTests */ = {
			isa = PBXNativeTarget;
			buildConfigurationList = 21BBBED0294E3AAB007AF896 /* Build configuration list for PBXNativeTarget "Push Notification With FirebaseTests" */;
			buildPhases = (
				F1E01FA82A9D43EA38E1DBFC /* [CP] Check Pods Manifest.lock */,
				21BBBEB5294E3AAB007AF896 /* Sources */,
				21BBBEB6294E3AAB007AF896 /* Frameworks */,
				21BBBEB7294E3AAB007AF896 /* Resources */,
			);
			buildRules = (
			);
			dependencies = (
				21BBBEBB294E3AAB007AF896 /* PBXTargetDependency */,
			);
			name = "Push Notification With FirebaseTests";
			productName = "Push Notification With FirebaseTests";
			productReference = 21BBBEB9294E3AAB007AF896 /* Push Notification With FirebaseTests.xctest */;
			productType = "com.apple.product-type.bundle.unit-test";
		};
		21BBBEC2294E3AAB007AF896 /* Push Notification With FirebaseUITests */ = {
			isa = PBXNativeTarget;
			buildConfigurationList = 21BBBED3294E3AAB007AF896 /* Build configuration list for PBXNativeTarget "Push Notification With FirebaseUITests" */;
			buildPhases = (
				30E953E27D547763296C357D /* [CP] Check Pods Manifest.lock */,
				21BBBEBF294E3AAB007AF896 /* Sources */,
				21BBBEC0294E3AAB007AF896 /* Frameworks */,
				21BBBEC1294E3AAB007AF896 /* Resources */,
				155E449BE68A1ABB169008C1 /* [CP] Embed Pods Frameworks */,
			);
			buildRules = (
			);
			dependencies = (
				21BBBEC5294E3AAB007AF896 /* PBXTargetDependency */,
			);
			name = "Push Notification With FirebaseUITests";
			productName = "Push Notification With FirebaseUITests";
			productReference = 21BBBEC3294E3AAB007AF896 /* Push Notification With FirebaseUITests.xctest */;
			productType = "com.apple.product-type.bundle.ui-testing";
		};
/* End PBXNativeTarget section */

/* Begin PBXProject section */
		21BBBE98294E3AA9007AF896 /* Project object */ = {
			isa = PBXProject;
			attributes = {
				BuildIndependentTargetsInParallel = 1;
				LastSwiftUpdateCheck = 1420;
				LastUpgradeCheck = 1420;
				TargetAttributes = {
					21BBBE9F294E3AA9007AF896 = {
						CreatedOnToolsVersion = 14.2;
					};
					21BBBEB8294E3AAB007AF896 = {
						CreatedOnToolsVersion = 14.2;
						TestTargetID = 21BBBE9F294E3AA9007AF896;
					};
					21BBBEC2294E3AAB007AF896 = {
						CreatedOnToolsVersion = 14.2;
						TestTargetID = 21BBBE9F294E3AA9007AF896;
					};
				};
			};
			buildConfigurationList = 21BBBE9B294E3AA9007AF896 /* Build configuration list for PBXProject "Push Notification With Firebase" */;
			compatibilityVersion = "Xcode 14.0";
			developmentRegion = en;
			hasScannedForEncodings = 0;
			knownRegions = (
				en,
				Base,
			);
			mainGroup = 21BBBE97294E3AA9007AF896;
			productRefGroup = 21BBBEA1294E3AA9007AF896 /* Products */;
			projectDirPath = "";
			projectRoot = "";
			targets = (
				21BBBE9F294E3AA9007AF896 /* Push Notification With Firebase */,
				21BBBEB8294E3AAB007AF896 /* Push Notification With FirebaseTests */,
				21BBBEC2294E3AAB007AF896 /* Push Notification With FirebaseUITests */,
			);
		};
/* End PBXProject section */

/* Begin PBXResourcesBuildPhase section */
		21BBBE9E294E3AA9007AF896 /* Resources */ = {
			isa = PBXResourcesBuildPhase;
			buildActionMask = 2147483647;
			files = (
				21BBBEB3294E3AAB007AF896 /* LaunchScreen.storyboard in Resources */,
				21BBBEDC294E42C7007AF896 /* GoogleService-Info.plist in Resources */,
				21BBBEB0294E3AAB007AF896 /* Assets.xcassets in Resources */,
				21BBBEAB294E3AA9007AF896 /* Main.storyboard in Resources */,
			);
			runOnlyForDeploymentPostprocessing = 0;
		};
		21BBBEB7294E3AAB007AF896 /* Resources */ = {
			isa = PBXResourcesBuildPhase;
			buildActionMask = 2147483647;
			files = (
			);
			runOnlyForDeploymentPostprocessing = 0;
		};
		21BBBEC1294E3AAB007AF896 /* Resources */ = {
			isa = PBXResourcesBuildPhase;
			buildActionMask = 2147483647;
			files = (
			);
			runOnlyForDeploymentPostprocessing = 0;
		};
/* End PBXResourcesBuildPhase section */

/* Begin PBXShellScriptBuildPhase section */
		155E449BE68A1ABB169008C1 /* [CP] Embed Pods Frameworks */ = {
			isa = PBXShellScriptBuildPhase;
			buildActionMask = 2147483647;
			files = (
			);
			inputFileListPaths = (
				"${PODS_ROOT}/Target Support Files/Pods-Push Notification With Firebase-Push Notification With FirebaseUITests/Pods-Push Notification With Firebase-Push Notification With FirebaseUITests-frameworks-${CONFIGURATION}-input-files.xcfilelist",
			);
			name = "[CP] Embed Pods Frameworks";
			outputFileListPaths = (
				"${PODS_ROOT}/Target Support Files/Pods-Push Notification With Firebase-Push Notification With FirebaseUITests/Pods-Push Notification With Firebase-Push Notification With FirebaseUITests-frameworks-${CONFIGURATION}-output-files.xcfilelist",
			);
			runOnlyForDeploymentPostprocessing = 0;
			shellPath = /bin/sh;
			shellScript = "\"${PODS_ROOT}/Target Support Files/Pods-Push Notification With Firebase-Push Notification With FirebaseUITests/Pods-Push Notification With Firebase-Push Notification With FirebaseUITests-frameworks.sh\"\n";
			showEnvVarsInLog = 0;
		};
		30E953E27D547763296C357D /* [CP] Check Pods Manifest.lock */ = {
			isa = PBXShellScriptBuildPhase;
			buildActionMask = 2147483647;
			files = (
			);
			inputFileListPaths = (
			);
			inputPaths = (
				"${PODS_PODFILE_DIR_PATH}/Podfile.lock",
				"${PODS_ROOT}/Manifest.lock",
			);
			name = "[CP] Check Pods Manifest.lock";
			outputFileListPaths = (
			);
			outputPaths = (
				"$(DERIVED_FILE_DIR)/Pods-Push Notification With Firebase-Push Notification With FirebaseUITests-checkManifestLockResult.txt",
			);
			runOnlyForDeploymentPostprocessing = 0;
			shellPath = /bin/sh;
			shellScript = "diff \"${PODS_PODFILE_DIR_PATH}/Podfile.lock\" \"${PODS_ROOT}/Manifest.lock\" > /dev/null\nif [ $? != 0 ] ; then\n    # print error to STDERR\n    echo \"error: The sandbox is not in sync with the Podfile.lock. Run 'pod install' or update your CocoaPods installation.\" >&2\n    exit 1\nfi\n# This output is used by Xcode 'outputs' to avoid re-running this script phase.\necho \"SUCCESS\" > \"${SCRIPT_OUTPUT_FILE_0}\"\n";
			showEnvVarsInLog = 0;
		};
		F1E01FA82A9D43EA38E1DBFC /* [CP] Check Pods Manifest.lock */ = {
			isa = PBXShellScriptBuildPhase;
			buildActionMask = 2147483647;
			files = (
			);
			inputFileListPaths = (
			);
			inputPaths = (
				"${PODS_PODFILE_DIR_PATH}/Podfile.lock",
				"${PODS_ROOT}/Manifest.lock",
			);
			name = "[CP] Check Pods Manifest.lock";
			outputFileListPaths = (
			);
			outputPaths = (
				"$(DERIVED_FILE_DIR)/Pods-Push Notification With FirebaseTests-checkManifestLockResult.txt",
			);
			runOnlyForDeploymentPostprocessing = 0;
			shellPath = /bin/sh;
			shellScript = "diff \"${PODS_PODFILE_DIR_PATH}/Podfile.lock\" \"${PODS_ROOT}/Manifest.lock\" > /dev/null\nif [ $? != 0 ] ; then\n    # print error to STDERR\n    echo \"error: The sandbox is not in sync with the Podfile.lock. Run 'pod install' or update your CocoaPods installation.\" >&2\n    exit 1\nfi\n# This output is used by Xcode 'outputs' to avoid re-running this script phase.\necho \"SUCCESS\" > \"${SCRIPT_OUTPUT_FILE_0}\"\n";
			showEnvVarsInLog = 0;
		};
		F7DF7487D716457888D1205C /* [CP] Embed Pods Frameworks */ = {
			isa = PBXShellScriptBuildPhase;
			buildActionMask = 2147483647;
			files = (
			);
			inputFileListPaths = (
				"${PODS_ROOT}/Target Support Files/Pods-Push Notification With Firebase/Pods-Push Notification With Firebase-frameworks-${CONFIGURATION}-input-files.xcfilelist",
			);
			name = "[CP] Embed Pods Frameworks";
			outputFileListPaths = (
				"${PODS_ROOT}/Target Support Files/Pods-Push Notification With Firebase/Pods-Push Notification With Firebase-frameworks-${CONFIGURATION}-output-files.xcfilelist",
			);
			runOnlyForDeploymentPostprocessing = 0;
			shellPath = /bin/sh;
			shellScript = "\"${PODS_ROOT}/Target Support Files/Pods-Push Notification With Firebase/Pods-Push Notification With Firebase-frameworks.sh\"\n";
			showEnvVarsInLog = 0;
		};
		FA42E95D207CAAE78DBD3223 /* [CP] Check Pods Manifest.lock */ = {
			isa = PBXShellScriptBuildPhase;
			buildActionMask = 2147483647;
			files = (
			);
			inputFileListPaths = (
			);
			inputPaths = (
				"${PODS_PODFILE_DIR_PATH}/Podfile.lock",
				"${PODS_ROOT}/Manifest.lock",
			);
			name = "[CP] Check Pods Manifest.lock";
			outputFileListPaths = (
			);
			outputPaths = (
				"$(DERIVED_FILE_DIR)/Pods-Push Notification With Firebase-checkManifestLockResult.txt",
			);
			runOnlyForDeploymentPostprocessing = 0;
			shellPath = /bin/sh;
			shellScript = "diff \"${PODS_PODFILE_DIR_PATH}/Podfile.lock\" \"${PODS_ROOT}/Manifest.lock\" > /dev/null\nif [ $? != 0 ] ; then\n    # print error to STDERR\n    echo \"error: The sandbox is not in sync with the Podfile.lock. Run 'pod install' or update your CocoaPods installation.\" >&2\n    exit 1\nfi\n# This output is used by Xcode 'outputs' to avoid re-running this script phase.\necho \"SUCCESS\" > \"${SCRIPT_OUTPUT_FILE_0}\"\n";
			showEnvVarsInLog = 0;
		};
/* End PBXShellScriptBuildPhase section */

/* Begin PBXSourcesBuildPhase section */
		21BBBE9C294E3AA9007AF896 /* Sources */ = {
			isa = PBXSourcesBuildPhase;
			buildActionMask = 2147483647;
			files = (
				21BBBEA8294E3AA9007AF896 /* ViewController.swift in Sources */,
				21BBBEAE294E3AA9007AF896 /* Push_Notification_With_Firebase.xcdatamodeld in Sources */,
				21BBBEA4294E3AA9007AF896 /* AppDelegate.swift in Sources */,
				21BBBEA6294E3AA9007AF896 /* SceneDelegate.swift in Sources */,
			);
			runOnlyForDeploymentPostprocessing = 0;
		};
		21BBBEB5294E3AAB007AF896 /* Sources */ = {
			isa = PBXSourcesBuildPhase;
			buildActionMask = 2147483647;
			files = (
				21BBBEBE294E3AAB007AF896 /* Push_Notification_With_FirebaseTests.swift in Sources */,
			);
			runOnlyForDeploymentPostprocessing = 0;
		};
		21BBBEBF294E3AAB007AF896 /* Sources */ = {
			isa = PBXSourcesBuildPhase;
			buildActionMask = 2147483647;
			files = (
				21BBBECA294E3AAB007AF896 /* Push_Notification_With_FirebaseUITestsLaunchTests.swift in Sources */,
				21BBBEC8294E3AAB007AF896 /* Push_Notification_With_FirebaseUITests.swift in Sources */,
			);
			runOnlyForDeploymentPostprocessing = 0;
		};
/* End PBXSourcesBuildPhase section */

/* Begin PBXTargetDependency section */
		21BBBEBB294E3AAB007AF896 /* PBXTargetDependency */ = {
			isa = PBXTargetDependency;
			target = 21BBBE9F294E3AA9007AF896 /* Push Notification With Firebase */;
			targetProxy = 21BBBEBA294E3AAB007AF896 /* PBXContainerItemProxy */;
		};
		21BBBEC5294E3AAB007AF896 /* PBXTargetDependency */ = {
			isa = PBXTargetDependency;
			target = 21BBBE9F294E3AA9007AF896 /* Push Notification With Firebase */;
			targetProxy = 21BBBEC4294E3AAB007AF896 /* PBXContainerItemProxy */;
		};
/* End PBXTargetDependency section */

/* Begin PBXVariantGroup section */
		21BBBEA9294E3AA9007AF896 /* Main.storyboard */ = {
			isa = PBXVariantGroup;
			children = (
				21BBBEAA294E3AA9007AF896 /* Base */,
			);
			name = Main.storyboard;
			sourceTree = "<group>";
		};
		21BBBEB1294E3AAB007AF896 /* LaunchScreen.storyboard */ = {
			isa = PBXVariantGroup;
			children = (
				21BBBEB2294E3AAB007AF896 /* Base */,
			);
			name = LaunchScreen.storyboard;
			sourceTree = "<group>";
		};
/* End PBXVariantGroup section */

/* Begin XCBuildConfiguration section */
		21BBBECB294E3AAB007AF896 /* Debug */ = {
			isa = XCBuildConfiguration;
			buildSettings = {
				ALWAYS_SEARCH_USER_PATHS = NO;
				CLANG_ANALYZER_NONNULL = YES;
				CLANG_ANALYZER_NUMBER_OBJECT_CONVERSION = YES_AGGRESSIVE;
				CLANG_CXX_LANGUAGE_STANDARD = "gnu++20";
				CLANG_ENABLE_MODULES = YES;
				CLANG_ENABLE_OBJC_ARC = YES;
				CLANG_ENABLE_OBJC_WEAK = YES;
				CLANG_WARN_BLOCK_CAPTURE_AUTORELEASING = YES;
				CLANG_WARN_BOOL_CONVERSION = YES;
				CLANG_WARN_COMMA = YES;
				CLANG_WARN_CONSTANT_CONVERSION = YES;
				CLANG_WARN_DEPRECATED_OBJC_IMPLEMENTATIONS = YES;
				CLANG_WARN_DIRECT_OBJC_ISA_USAGE = YES_ERROR;
				CLANG_WARN_DOCUMENTATION_COMMENTS = YES;
				CLANG_WARN_EMPTY_BODY = YES;
				CLANG_WARN_ENUM_CONVERSION = YES;
				CLANG_WARN_INFINITE_RECURSION = YES;
				CLANG_WARN_INT_CONVERSION = YES;
				CLANG_WARN_NON_LITERAL_NULL_CONVERSION = YES;
				CLANG_WARN_OBJC_IMPLICIT_RETAIN_SELF = YES;
				CLANG_WARN_OBJC_LITERAL_CONVERSION = YES;
				CLANG_WARN_OBJC_ROOT_CLASS = YES_ERROR;
				CLANG_WARN_QUOTED_INCLUDE_IN_FRAMEWORK_HEADER = YES;
				CLANG_WARN_RANGE_LOOP_ANALYSIS = YES;
				CLANG_WARN_STRICT_PROTOTYPES = YES;
				CLANG_WARN_SUSPICIOUS_MOVE = YES;
				CLANG_WARN_UNGUARDED_AVAILABILITY = YES_AGGRESSIVE;
				CLANG_WARN_UNREACHABLE_CODE = YES;
				CLANG_WARN__DUPLICATE_METHOD_MATCH = YES;
				COPY_PHASE_STRIP = NO;
				DEBUG_INFORMATION_FORMAT = dwarf;
				ENABLE_STRICT_OBJC_MSGSEND = YES;
				ENABLE_TESTABILITY = YES;
				GCC_C_LANGUAGE_STANDARD = gnu11;
				GCC_DYNAMIC_NO_PIC = NO;
				GCC_NO_COMMON_BLOCKS = YES;
				GCC_OPTIMIZATION_LEVEL = 0;
				GCC_PREPROCESSOR_DEFINITIONS = (
					"DEBUG=1",
					"$(inherited)",
				);
				GCC_WARN_64_TO_32_BIT_CONVERSION = YES;
				GCC_WARN_ABOUT_RETURN_TYPE = YES_ERROR;
				GCC_WARN_UNDECLARED_SELECTOR = YES;
				GCC_WARN_UNINITIALIZED_AUTOS = YES_AGGRESSIVE;
				GCC_WARN_UNUSED_FUNCTION = YES;
				GCC_WARN_UNUSED_VARIABLE = YES;
				IPHONEOS_DEPLOYMENT_TARGET = 16.2;
				MTL_ENABLE_DEBUG_INFO = INCLUDE_SOURCE;
				MTL_FAST_MATH = YES;
				ONLY_ACTIVE_ARCH = YES;
				SDKROOT = iphoneos;
				SWIFT_ACTIVE_COMPILATION_CONDITIONS = DEBUG;
				SWIFT_OPTIMIZATION_LEVEL = "-Onone";
			};
			name = Debug;
		};
		21BBBECC294E3AAB007AF896 /* Release */ = {
			isa = XCBuildConfiguration;
			buildSettings = {
				ALWAYS_SEARCH_USER_PATHS = NO;
				CLANG_ANALYZER_NONNULL = YES;
				CLANG_ANALYZER_NUMBER_OBJECT_CONVERSION = YES_AGGRESSIVE;
				CLANG_CXX_LANGUAGE_STANDARD = "gnu++20";
				CLANG_ENABLE_MODULES = YES;
				CLANG_ENABLE_OBJC_ARC = YES;
				CLANG_ENABLE_OBJC_WEAK = YES;
				CLANG_WARN_BLOCK_CAPTURE_AUTORELEASING = YES;
				CLANG_WARN_BOOL_CONVERSION = YES;
				CLANG_WARN_COMMA = YES;
				CLANG_WARN_CONSTANT_CONVERSION = YES;
				CLANG_WARN_DEPRECATED_OBJC_IMPLEMENTATIONS = YES;
				CLANG_WARN_DIRECT_OBJC_ISA_USAGE = YES_ERROR;
				CLANG_WARN_DOCUMENTATION_COMMENTS = YES;
				CLANG_WARN_EMPTY_BODY = YES;
				CLANG_WARN_ENUM_CONVERSION = YES;
				CLANG_WARN_INFINITE_RECURSION = YES;
				CLANG_WARN_INT_CONVERSION = YES;
				CLANG_WARN_NON_LITERAL_NULL_CONVERSION = YES;
				CLANG_WARN_OBJC_IMPLICIT_RETAIN_SELF = YES;
				CLANG_WARN_OBJC_LITERAL_CONVERSION = YES;
				CLANG_WARN_OBJC_ROOT_CLASS = YES_ERROR;
				CLANG_WARN_QUOTED_INCLUDE_IN_FRAMEWORK_HEADER = YES;
				CLANG_WARN_RANGE_LOOP_ANALYSIS = YES;
				CLANG_WARN_STRICT_PROTOTYPES = YES;
				CLANG_WARN_SUSPICIOUS_MOVE = YES;
				CLANG_WARN_UNGUARDED_AVAILABILITY = YES_AGGRESSIVE;
				CLANG_WARN_UNREACHABLE_CODE = YES;
				CLANG_WARN__DUPLICATE_METHOD_MATCH = YES;
				COPY_PHASE_STRIP = NO;
				DEBUG_INFORMATION_FORMAT = "dwarf-with-dsym";
				ENABLE_NS_ASSERTIONS = NO;
				ENABLE_STRICT_OBJC_MSGSEND = YES;
				GCC_C_LANGUAGE_STANDARD = gnu11;
				GCC_NO_COMMON_BLOCKS = YES;
				GCC_WARN_64_TO_32_BIT_CONVERSION = YES;
				GCC_WARN_ABOUT_RETURN_TYPE = YES_ERROR;
				GCC_WARN_UNDECLARED_SELECTOR = YES;
				GCC_WARN_UNINITIALIZED_AUTOS = YES_AGGRESSIVE;
				GCC_WARN_UNUSED_FUNCTION = YES;
				GCC_WARN_UNUSED_VARIABLE = YES;
				IPHONEOS_DEPLOYMENT_TARGET = 16.2;
				MTL_ENABLE_DEBUG_INFO = NO;
				MTL_FAST_MATH = YES;
				SDKROOT = iphoneos;
				SWIFT_COMPILATION_MODE = wholemodule;
				SWIFT_OPTIMIZATION_LEVEL = "-O";
				VALIDATE_PRODUCT = YES;
			};
			name = Release;
		};
		21BBBECE294E3AAB007AF896 /* Debug */ = {
			isa = XCBuildConfiguration;
			baseConfigurationReference = EC32431519121D137B4CD764 /* Pods-Push Notification With Firebase.debug.xcconfig */;
			buildSettings = {
				ASSETCATALOG_COMPILER_APPICON_NAME = AppIcon;
				ASSETCATALOG_COMPILER_GLOBAL_ACCENT_COLOR_NAME = AccentColor;
				CODE_SIGN_ENTITLEMENTS = "Push Notification With Firebase/Push Notification With Firebase.entitlements";
				CODE_SIGN_STYLE = Automatic;
				CURRENT_PROJECT_VERSION = 1;
				DEVELOPMENT_TEAM = "";
				GENERATE_INFOPLIST_FILE = YES;
				INFOPLIST_FILE = "Push Notification With Firebase/Info.plist";
				INFOPLIST_KEY_UIApplicationSupportsIndirectInputEvents = YES;
				INFOPLIST_KEY_UILaunchStoryboardName = LaunchScreen;
				INFOPLIST_KEY_UIMainStoryboardFile = Main;
				INFOPLIST_KEY_UISupportedInterfaceOrientations_iPad = "UIInterfaceOrientationPortrait UIInterfaceOrientationPortraitUpsideDown UIInterfaceOrientationLandscapeLeft UIInterfaceOrientationLandscapeRight";
				INFOPLIST_KEY_UISupportedInterfaceOrientations_iPhone = "UIInterfaceOrientationPortrait UIInterfaceOrientationLandscapeLeft UIInterfaceOrientationLandscapeRight";
				LD_RUNPATH_SEARCH_PATHS = (
					"$(inherited)",
					"@executable_path/Frameworks",
				);
				MARKETING_VERSION = 1.0;
				PRODUCT_BUNDLE_IDENTIFIER = "com.murad.www.Push-Notification-With-Firebase";
				PRODUCT_NAME = "$(TARGET_NAME)";
				SWIFT_EMIT_LOC_STRINGS = YES;
				SWIFT_VERSION = 5.0;
				TARGETED_DEVICE_FAMILY = "1,2";
			};
			name = Debug;
		};
		21BBBECF294E3AAB007AF896 /* Release */ = {
			isa = XCBuildConfiguration;
			baseConfigurationReference = 738FD43230BCDDA5BAC45EBC /* Pods-Push Notification With Firebase.release.xcconfig */;
			buildSettings = {
				ASSETCATALOG_COMPILER_APPICON_NAME = AppIcon;
				ASSETCATALOG_COMPILER_GLOBAL_ACCENT_COLOR_NAME = AccentColor;
				CODE_SIGN_ENTITLEMENTS = "Push Notification With Firebase/Push Notification With Firebase.entitlements";
				CODE_SIGN_STYLE = Automatic;
				CURRENT_PROJECT_VERSION = 1;
				DEVELOPMENT_TEAM = "";
				GENERATE_INFOPLIST_FILE = YES;
				INFOPLIST_FILE = "Push Notification With Firebase/Info.plist";
				INFOPLIST_KEY_UIApplicationSupportsIndirectInputEvents = YES;
				INFOPLIST_KEY_UILaunchStoryboardName = LaunchScreen;
				INFOPLIST_KEY_UIMainStoryboardFile = Main;
				INFOPLIST_KEY_UISupportedInterfaceOrientations_iPad = "UIInterfaceOrientationPortrait UIInterfaceOrientationPortraitUpsideDown UIInterfaceOrientationLandscapeLeft UIInterfaceOrientationLandscapeRight";
				INFOPLIST_KEY_UISupportedInterfaceOrientations_iPhone = "UIInterfaceOrientationPortrait UIInterfaceOrientationLandscapeLeft UIInterfaceOrientationLandscapeRight";
				LD_RUNPATH_SEARCH_PATHS = (
					"$(inherited)",
					"@executable_path/Frameworks",
				);
				MARKETING_VERSION = 1.0;
				PRODUCT_BUNDLE_IDENTIFIER = "com.murad.www.Push-Notification-With-Firebase";
				PRODUCT_NAME = "$(TARGET_NAME)";
				SWIFT_EMIT_LOC_STRINGS = YES;
				SWIFT_VERSION = 5.0;
				TARGETED_DEVICE_FAMILY = "1,2";
			};
			name = Release;
		};
		21BBBED1294E3AAB007AF896 /* Debug */ = {
			isa = XCBuildConfiguration;
			baseConfigurationReference = 8D429E1943117FB95A1FB817 /* Pods-Push Notification With FirebaseTests.debug.xcconfig */;
			buildSettings = {
				ALWAYS_EMBED_SWIFT_STANDARD_LIBRARIES = YES;
				BUNDLE_LOADER = "$(TEST_HOST)";
				CODE_SIGN_STYLE = Automatic;
				CURRENT_PROJECT_VERSION = 1;
				GENERATE_INFOPLIST_FILE = YES;
				IPHONEOS_DEPLOYMENT_TARGET = 16.2;
				MARKETING_VERSION = 1.0;
				PRODUCT_BUNDLE_IDENTIFIER = "com.murad.www.Push-Notification-With-FirebaseTests";
				PRODUCT_NAME = "$(TARGET_NAME)";
				SWIFT_EMIT_LOC_STRINGS = NO;
				SWIFT_VERSION = 5.0;
				TARGETED_DEVICE_FAMILY = "1,2";
				TEST_HOST = "$(BUILT_PRODUCTS_DIR)/Push Notification With Firebase.app/$(BUNDLE_EXECUTABLE_FOLDER_PATH)/Push Notification With Firebase";
			};
			name = Debug;
		};
		21BBBED2294E3AAB007AF896 /* Release */ = {
			isa = XCBuildConfiguration;
			baseConfigurationReference = 92CEFB24E653D29CA01EB74A /* Pods-Push Notification With FirebaseTests.release.xcconfig */;
			buildSettings = {
				ALWAYS_EMBED_SWIFT_STANDARD_LIBRARIES = YES;
				BUNDLE_LOADER = "$(TEST_HOST)";
				CODE_SIGN_STYLE = Automatic;
				CURRENT_PROJECT_VERSION = 1;
				GENERATE_INFOPLIST_FILE = YES;
				IPHONEOS_DEPLOYMENT_TARGET = 16.2;
				MARKETING_VERSION = 1.0;
				PRODUCT_BUNDLE_IDENTIFIER = "com.murad.www.Push-Notification-With-FirebaseTests";
				PRODUCT_NAME = "$(TARGET_NAME)";
				SWIFT_EMIT_LOC_STRINGS = NO;
				SWIFT_VERSION = 5.0;
				TARGETED_DEVICE_FAMILY = "1,2";
				TEST_HOST = "$(BUILT_PRODUCTS_DIR)/Push Notification With Firebase.app/$(BUNDLE_EXECUTABLE_FOLDER_PATH)/Push Notification With Firebase";
			};
			name = Release;
		};
		21BBBED4294E3AAB007AF896 /* Debug */ = {
			isa = XCBuildConfiguration;
			baseConfigurationReference = 6C27B8C3E2F5169FB89F4AB7 /* Pods-Push Notification With Firebase-Push Notification With FirebaseUITests.debug.xcconfig */;
			buildSettings = {
				ALWAYS_EMBED_SWIFT_STANDARD_LIBRARIES = YES;
				CODE_SIGN_STYLE = Automatic;
				CURRENT_PROJECT_VERSION = 1;
				GENERATE_INFOPLIST_FILE = YES;
				MARKETING_VERSION = 1.0;
				PRODUCT_BUNDLE_IDENTIFIER = "com.murad.www.Push-Notification-With-FirebaseUITests";
				PRODUCT_NAME = "$(TARGET_NAME)";
				SWIFT_EMIT_LOC_STRINGS = NO;
				SWIFT_VERSION = 5.0;
				TARGETED_DEVICE_FAMILY = "1,2";
				TEST_TARGET_NAME = "Push Notification With Firebase";
			};
			name = Debug;
		};
		21BBBED5294E3AAB007AF896 /* Release */ = {
			isa = XCBuildConfiguration;
			baseConfigurationReference = 0E9584E040064F32F8DDAE7C /* Pods-Push Notification With Firebase-Push Notification With FirebaseUITests.release.xcconfig */;
			buildSettings = {
				ALWAYS_EMBED_SWIFT_STANDARD_LIBRARIES = YES;
				CODE_SIGN_STYLE = Automatic;
				CURRENT_PROJECT_VERSION = 1;
				GENERATE_INFOPLIST_FILE = YES;
				MARKETING_VERSION = 1.0;
				PRODUCT_BUNDLE_IDENTIFIER = "com.murad.www.Push-Notification-With-FirebaseUITests";
				PRODUCT_NAME = "$(TARGET_NAME)";
				SWIFT_EMIT_LOC_STRINGS = NO;
				SWIFT_VERSION = 5.0;
				TARGETED_DEVICE_FAMILY = "1,2";
				TEST_TARGET_NAME = "Push Notification With Firebase";
			};
			name = Release;
		};
/* End XCBuildConfiguration section */

/* Begin XCConfigurationList section */
		21BBBE9B294E3AA9007AF896 /* Build configuration list for PBXProject "Push Notification With Firebase" */ = {
			isa = XCConfigurationList;
			buildConfigurations = (
				21BBBECB294E3AAB007AF896 /* Debug */,
				21BBBECC294E3AAB007AF896 /* Release */,
			);
			defaultConfigurationIsVisible = 0;
			defaultConfigurationName = Release;
		};
		21BBBECD294E3AAB007AF896 /* Build configuration list for PBXNativeTarget "Push Notification With Firebase" */ = {
			isa = XCConfigurationList;
			buildConfigurations = (
				21BBBECE294E3AAB007AF896 /* Debug */,
				21BBBECF294E3AAB007AF896 /* Release */,
			);
			defaultConfigurationIsVisible = 0;
			defaultConfigurationName = Release;
		};
		21BBBED0294E3AAB007AF896 /* Build configuration list for PBXNativeTarget "Push Notification With FirebaseTests" */ = {
			isa = XCConfigurationList;
			buildConfigurations = (
				21BBBED1294E3AAB007AF896 /* Debug */,
				21BBBED2294E3AAB007AF896 /* Release */,
			);
			defaultConfigurationIsVisible = 0;
			defaultConfigurationName = Release;
		};
		21BBBED3294E3AAB007AF896 /* Build configuration list for PBXNativeTarget "Push Notification With FirebaseUITests" */ = {
			isa = XCConfigurationList;
			buildConfigurations = (
				21BBBED4294E3AAB007AF896 /* Debug */,
				21BBBED5294E3AAB007AF896 /* Release */,
			);
			defaultConfigurationIsVisible = 0;
			defaultConfigurationName = Release;
		};
/* End XCConfigurationList section */

/* Begin XCVersionGroup section */
		21BBBEAC294E3AA9007AF896 /* Push_Notification_With_Firebase.xcdatamodeld */ = {
			isa = XCVersionGroup;
			children = (
				21BBBEAD294E3AA9007AF896 /* Push_Notification_With_Firebase.xcdatamodel */,
			);
			currentVersion = 21BBBEAD294E3AA9007AF896 /* Push_Notification_With_Firebase.xcdatamodel */;
			path = Push_Notification_With_Firebase.xcdatamodeld;
			sourceTree = "<group>";
			versionGroupType = wrapper.xcdatamodel;
		};
/* End XCVersionGroup section */
	};
	rootObject = 21BBBE98294E3AA9007AF896 /* Project object */;
}
